{
  "nodes": {
    "nixpkgs": {
      "locked": {
        "lastModified": 1683968890,
        "narHash": "sha256-m7oQOuYJGKhqnb6L1iLW/ZtcpBsGfy2V9p9e1zu6Rms=",
        "type": "git",
        "url": "file:///home/beffa/src/git/nixpkgs"
      },
      "original": {
        "type": "git",
        "url": "file:///home/beffa/src/git/nixpkgs"
      }
    },
    "root": {
      "inputs": {
        "nixpkgs": "nixpkgs"
      }
    }
  },
  "root": "root",
  "version": 7
}
